// !$*UTF8*$!
{
	archiveVersion = 1;
	classes = {
	};
	objectVersion = 46;
	objects = {

/* Begin PBXBuildFile section */
		04B84DD21AD1911F00E54159 /* main.m in Sources */ = {isa = PBXBuildFile; fileRef = 04B84DD11AD1911F00E54159 /* main.m */; };
		04B84DD51AD1911F00E54159 /* AppDelegate.m in Sources */ = {isa = PBXBuildFile; fileRef = 04B84DD41AD1911F00E54159 /* AppDelegate.m */; };
		04B84DD81AD1911F00E54159 /* ViewController.m in Sources */ = {isa = PBXBuildFile; fileRef = 04B84DD71AD1911F00E54159 /* ViewController.m */; };
		04B84DDB1AD1911F00E54159 /* Main.storyboard in Resources */ = {isa = PBXBuildFile; fileRef = 04B84DD91AD1911F00E54159 /* Main.storyboard */; };
		04B84DDD1AD1911F00E54159 /* Images.xcassets in Resources */ = {isa = PBXBuildFile; fileRef = 04B84DDC1AD1911F00E54159 /* Images.xcassets */; };
		04B84DE01AD1911F00E54159 /* LaunchScreen.xib in Resources */ = {isa = PBXBuildFile; fileRef = 04B84DDE1AD1911F00E54159 /* LaunchScreen.xib */; };
		04B84DEC1AD1911F00E54159 /* AnimatedTests.m in Sources */ = {isa = PBXBuildFile; fileRef = 04B84DEB1AD1911F00E54159 /* AnimatedTests.m */; };
/* End PBXBuildFile section */

/* Begin PBXContainerItemProxy section */
		04B84DE61AD1911F00E54159 /* PBXContainerItemProxy */ = {
			isa = PBXContainerItemProxy;
			containerPortal = 04B84DC41AD1911F00E54159 /* Project object */;
			proxyType = 1;
			remoteGlobalIDString = 04B84DCB1AD1911F00E54159;
			remoteInfo = Animated;
		};
/* End PBXContainerItemProxy section */

/* Begin PBXFileReference section */
		04B84DCC1AD1911F00E54159 /* Animated.app */ = {isa = PBXFileReference; explicitFileType = wrapper.application; includeInIndex = 0; path = Animated.app; sourceTree = BUILT_PRODUCTS_DIR; };
		04B84DD01AD1911F00E54159 /* Info.plist */ = {isa = PBXFileReference; lastKnownFileType = text.plist.xml; path = Info.plist; sourceTree = "<group>"; };
		04B84DD11AD1911F00E54159 /* main.m */ = {isa = PBXFileReference; lastKnownFileType = sourcecode.c.objc; path = main.m; sourceTree = "<group>"; };
		04B84DD31AD1911F00E54159 /* AppDelegate.h */ = {isa = PBXFileReference; lastKnownFileType = sourcecode.c.h; path = AppDelegate.h; sourceTree = "<group>"; };
		04B84DD41AD1911F00E54159 /* AppDelegate.m */ = {isa = PBXFileReference; lastKnownFileType = sourcecode.c.objc; path = AppDelegate.m; sourceTree = "<group>"; };
		04B84DD61AD1911F00E54159 /* ViewController.h */ = {isa = PBXFileReference; lastKnownFileType = sourcecode.c.h; path = ViewController.h; sourceTree = "<group>"; };
		04B84DD71AD1911F00E54159 /* ViewController.m */ = {isa = PBXFileReference; lastKnownFileType = sourcecode.c.objc; path = ViewController.m; sourceTree = "<group>"; };
		04B84DDA1AD1911F00E54159 /* Base */ = {isa = PBXFileReference; lastKnownFileType = file.storyboard; name = Base; path = Base.lproj/Main.storyboard; sourceTree = "<group>"; };
		04B84DDC1AD1911F00E54159 /* Images.xcassets */ = {isa = PBXFileReference; lastKnownFileType = folder.assetcatalog; path = Images.xcassets; sourceTree = "<group>"; };
		04B84DDF1AD1911F00E54159 /* Base */ = {isa = PBXFileReference; lastKnownFileType = file.xib; name = Base; path = Base.lproj/LaunchScreen.xib; sourceTree = "<group>"; };
		04B84DE51AD1911F00E54159 /* AnimatedTests.xctest */ = {isa = PBXFileReference; explicitFileType = wrapper.cfbundle; includeInIndex = 0; path = AnimatedTests.xctest; sourceTree = BUILT_PRODUCTS_DIR; };
		04B84DEA1AD1911F00E54159 /* Info.plist */ = {isa = PBXFileReference; lastKnownFileType = text.plist.xml; path = Info.plist; sourceTree = "<group>"; };
		04B84DEB1AD1911F00E54159 /* AnimatedTests.m */ = {isa = PBXFileReference; lastKnownFileType = sourcecode.c.objc; path = AnimatedTests.m; sourceTree = "<group>"; };
/* End PBXFileReference section */

/* Begin PBXFrameworksBuildPhase section */
		04B84DC91AD1911F00E54159 /* Frameworks */ = {
			isa = PBXFrameworksBuildPhase;
			buildActionMask = 2147483647;
			files = (
			);
			runOnlyForDeploymentPostprocessing = 0;
		};
		04B84DE21AD1911F00E54159 /* Frameworks */ = {
			isa = PBXFrameworksBuildPhase;
			buildActionMask = 2147483647;
			files = (
			);
			runOnlyForDeploymentPostprocessing = 0;
		};
/* End PBXFrameworksBuildPhase section */

/* Begin PBXGroup section */
		04B84DC31AD1911F00E54159 = {
			isa = PBXGroup;
			children = (
				04B84DCE1AD1911F00E54159 /* Animated */,
				04B84DE81AD1911F00E54159 /* AnimatedTests */,
				04B84DCD1AD1911F00E54159 /* Products */,
			);
			sourceTree = "<group>";
		};
		04B84DCD1AD1911F00E54159 /* Products */ = {
			isa = PBXGroup;
			children = (
				04B84DCC1AD1911F00E54159 /* Animated.app */,
				04B84DE51AD1911F00E54159 /* AnimatedTests.xctest */,
			);
			name = Products;
			sourceTree = "<group>";
		};
		04B84DCE1AD1911F00E54159 /* Animated */ = {
			isa = PBXGroup;
			children = (
				04B84DD31AD1911F00E54159 /* AppDelegate.h */,
				04B84DD41AD1911F00E54159 /* AppDelegate.m */,
				04B84DD61AD1911F00E54159 /* ViewController.h */,
				04B84DD71AD1911F00E54159 /* ViewController.m */,
				04B84DD91AD1911F00E54159 /* Main.storyboard */,
				04B84DDC1AD1911F00E54159 /* Images.xcassets */,
				04B84DDE1AD1911F00E54159 /* LaunchScreen.xib */,
				04B84DCF1AD1911F00E54159 /* Supporting Files */,
			);
			path = Animated;
			sourceTree = "<group>";
		};
		04B84DCF1AD1911F00E54159 /* Supporting Files */ = {
			isa = PBXGroup;
			children = (
				04B84DD01AD1911F00E54159 /* Info.plist */,
				04B84DD11AD1911F00E54159 /* main.m */,
			);
			name = "Supporting Files";
			sourceTree = "<group>";
		};
		04B84DE81AD1911F00E54159 /* AnimatedTests */ = {
			isa = PBXGroup;
			children = (
				04B84DEB1AD1911F00E54159 /* AnimatedTests.m */,
				04B84DE91AD1911F00E54159 /* Supporting Files */,
			);
			path = AnimatedTests;
			sourceTree = "<group>";
		};
		04B84DE91AD1911F00E54159 /* Supporting Files */ = {
			isa = PBXGroup;
			children = (
				04B84DEA1AD1911F00E54159 /* Info.plist */,
			);
			name = "Supporting Files";
			sourceTree = "<group>";
		};
/* End PBXGroup section */

/* Begin PBXNativeTarget section */
		04B84DCB1AD1911F00E54159 /* Animated */ = {
			isa = PBXNativeTarget;
			buildConfigurationList = 04B84DEF1AD1911F00E54159 /* Build configuration list for PBXNativeTarget "Animated" */;
			buildPhases = (
				04B84DC81AD1911F00E54159 /* Sources */,
				04B84DC91AD1911F00E54159 /* Frameworks */,
				04B84DCA1AD1911F00E54159 /* Resources */,
			);
			buildRules = (
			);
			dependencies = (
			);
			name = Animated;
			productName = Animated;
			productReference = 04B84DCC1AD1911F00E54159 /* Animated.app */;
			productType = "com.apple.product-type.application";
		};
		04B84DE41AD1911F00E54159 /* AnimatedTests */ = {
			isa = PBXNativeTarget;
			buildConfigurationList = 04B84DF21AD1911F00E54159 /* Build configuration list for PBXNativeTarget "AnimatedTests" */;
			buildPhases = (
				04B84DE11AD1911F00E54159 /* Sources */,
				04B84DE21AD1911F00E54159 /* Frameworks */,
				04B84DE31AD1911F00E54159 /* Resources */,
			);
			buildRules = (
			);
			dependencies = (
				04B84DE71AD1911F00E54159 /* PBXTargetDependency */,
			);
			name = AnimatedTests;
			productName = AnimatedTests;
			productReference = 04B84DE51AD1911F00E54159 /* AnimatedTests.xctest */;
			productType = "com.apple.product-type.bundle.unit-test";
		};
/* End PBXNativeTarget section */

/* Begin PBXProject section */
		04B84DC41AD1911F00E54159 /* Project object */ = {
			isa = PBXProject;
			attributes = {
				LastUpgradeCheck = 0610;
				ORGANIZATIONNAME = "Trinity Coyle";
				TargetAttributes = {
					04B84DCB1AD1911F00E54159 = {
						CreatedOnToolsVersion = 6.1.1;
					};
					04B84DE41AD1911F00E54159 = {
						CreatedOnToolsVersion = 6.1.1;
						TestTargetID = 04B84DCB1AD1911F00E54159;
					};
				};
			};
			buildConfigurationList = 04B84DC71AD1911F00E54159 /* Build configuration list for PBXProject "Animated" */;
			compatibilityVersion = "Xcode 3.2";
			developmentRegion = English;
			hasScannedForEncodings = 0;
			knownRegions = (
				en,
				Base,
			);
			mainGroup = 04B84DC31AD1911F00E54159;
			productRefGroup = 04B84DCD1AD1911F00E54159 /* Products */;
			projectDirPath = "";
			projectRoot = "";
			targets = (
				04B84DCB1AD1911F00E54159 /* Animated */,
				04B84DE41AD1911F00E54159 /* AnimatedTests */,
			);
		};
/* End PBXProject section */

/* Begin PBXResourcesBuildPhase section */
		04B84DCA1AD1911F00E54159 /* Resources */ = {
			isa = PBXResourcesBuildPhase;
			buildActionMask = 2147483647;
			files = (
				04B84DDB1AD1911F00E54159 /* Main.storyboard in Resources */,
				04B84DE01AD1911F00E54159 /* LaunchScreen.xib in Resources */,
				04B84DDD1AD1911F00E54159 /* Images.xcassets in Resources */,
			);
			runOnlyForDeploymentPostprocessing = 0;
		};
		04B84DE31AD1911F00E54159 /* Resources */ = {
			isa = PBXResourcesBuildPhase;
			buildActionMask = 2147483647;
			files = (
			);
			runOnlyForDeploymentPostprocessing = 0;
		};
/* End PBXResourcesBuildPhase section */

/* Begin PBXSourcesBuildPhase section */
		04B84DC81AD1911F00E54159 /* Sources */ = {
			isa = PBXSourcesBuildPhase;
			buildActionMask = 2147483647;
			files = (
				04B84DD81AD1911F00E54159 /* ViewController.m in Sources */,
				04B84DD51AD1911F00E54159 /* AppDelegate.m in Sources */,
				04B84DD21AD1911F00E54159 /* main.m in Sources */,
			);
			runOnlyForDeploymentPostprocessing = 0;
		};
		04B84DE11AD1911F00E54159 /* Sources */ = {
			isa = PBXSourcesBuildPhase;
			buildActionMask = 2147483647;
			files = (
				04B84DEC1AD1911F00E54159 /* AnimatedTests.m in Sources */,
			);
			runOnlyForDeploymentPostprocessing = 0;
		};
/* End PBXSourcesBuildPhase section */

/* Begin PBXTargetDependency section */
		04B84DE71AD1911F00E54159 /* PBXTargetDependency */ = {
			isa = PBXTargetDependency;
			target = 04B84DCB1AD1911F00E54159 /* Animated */;
			targetProxy = 04B84DE61AD1911F00E54159 /* PBXContainerItemProxy */;
		};
/* End PBXTargetDependency section */

/* Begin PBXVariantGroup section */
		04B84DD91AD1911F00E54159 /* Main.storyboard */ = {
			isa = PBXVariantGroup;
			children = (
				04B84DDA1AD1911F00E54159 /* Base */,
			);
			name = Main.storyboard;
			sourceTree = "<group>";
		};
		04B84DDE1AD1911F00E54159 /* LaunchScreen.xib */ = {
			isa = PBXVariantGroup;
			children = (
				04B84DDF1AD1911F00E54159 /* Base */,
			);
			name = LaunchScreen.xib;
			sourceTree = "<group>";
		};
/* End PBXVariantGroup section */

/* Begin XCBuildConfiguration section */
		04B84DED1AD1911F00E54159 /* Debug */ = {
			isa = XCBuildConfiguration;
			buildSettings = {
				ALWAYS_SEARCH_USER_PATHS = NO;
				CLANG_CXX_LANGUAGE_STANDARD = "gnu++0x";
				CLANG_CXX_LIBRARY = "libc++";
				CLANG_ENABLE_MODULES = YES;
				CLANG_ENABLE_OBJC_ARC = YES;
				CLANG_WARN_BOOL_CONVERSION = YES;
				CLANG_WARN_CONSTANT_CONVERSION = YES;
				CLANG_WARN_DIRECT_OBJC_ISA_USAGE = YES_ERROR;
				CLANG_WARN_EMPTY_BODY = YES;
				CLANG_WARN_ENUM_CONVERSION = YES;
				CLANG_WARN_INT_CONVERSION = YES;
				CLANG_WARN_OBJC_ROOT_CLASS = YES_ERROR;
				CLANG_WARN_UNREACHABLE_CODE = YES;
				CLANG_WARN__DUPLICATE_METHOD_MATCH = YES;
				"CODE_SIGN_IDENTITY[sdk=iphoneos*]" = "iPhone Developer";
				COPY_PHASE_STRIP = NO;
				ENABLE_STRICT_OBJC_MSGSEND = YES;
				GCC_C_LANGUAGE_STANDARD = gnu99;
				GCC_DYNAMIC_NO_PIC = NO;
				GCC_OPTIMIZATION_LEVEL = 0;
				GCC_PREPROCESSOR_DEFINITIONS = (
					"DEBUG=1",
					"$(inherited)",
				);
				GCC_SYMBOLS_PRIVATE_EXTERN = NO;
				GCC_WARN_64_TO_32_BIT_CONVERSION = YES;
				GCC_WARN_ABOUT_RETURN_TYPE = YES_ERROR;
				GCC_WARN_UNDECLARED_SELECTOR = YES;
				GCC_WARN_UNINITIALIZED_AUTOS = YES_AGGRESSIVE;
				GCC_WARN_UNUSED_FUNCTION = YES;
				GCC_WARN_UNUSED_VARIABLE = YES;
				IPHONEOS_DEPLOYMENT_TARGET = 8.1;
				MTL_ENABLE_DEBUG_INFO = YES;
				ONLY_ACTIVE_ARCH = YES;
				SDKROOT = iphoneos;
			};
			name = Debug;
		};
		04B84DEE1AD1911F00E54159 /* Release */ = {
			isa = XCBuildConfiguration;
			buildSettings = {
				ALWAYS_SEARCH_USER_PATHS = NO;
				CLANG_CXX_LANGUAGE_STANDARD = "gnu++0x";
				CLANG_CXX_LIBRARY = "libc++";
				CLANG_ENABLE_MODULES = YES;
				CLANG_ENABLE_OBJC_ARC = YES;
				CLANG_WARN_BOOL_CONVERSION = YES;
				CLANG_WARN_CONSTANT_CONVERSION = YES;
				CLANG_WARN_DIRECT_OBJC_ISA_USAGE = YES_ERROR;
				CLANG_WARN_EMPTY_BODY = YES;
				CLANG_WARN_ENUM_CONVERSION = YES;
				CLANG_WARN_INT_CONVERSION = YES;
				CLANG_WARN_OBJC_ROOT_CLASS = YES_ERROR;
				CLANG_WARN_UNREACHABLE_CODE = YES;
				CLANG_WARN__DUPLICATE_METHOD_MATCH = YES;
				"CODE_SIGN_IDENTITY[sdk=iphoneos*]" = "iPhone Developer";
				COPY_PHASE_STRIP = YES;
				ENABLE_NS_ASSERTIONS = NO;
				ENABLE_STRICT_OBJC_MSGSEND = YES;
				GCC_C_LANGUAGE_STANDARD = gnu99;
				GCC_WARN_64_TO_32_BIT_CONVERSION = YES;
				GCC_WARN_ABOUT_RETURN_TYPE = YES_ERROR;
				GCC_WARN_UNDECLARED_SELECTOR = YES;
				GCC_WARN_UNINITIALIZED_AUTOS = YES_AGGRESSIVE;
				GCC_WARN_UNUSED_FUNCTION = YES;
				GCC_WARN_UNUSED_VARIABLE = YES;
				IPHONEOS_DEPLOYMENT_TARGET = 8.1;
				MTL_ENABLE_DEBUG_INFO = NO;
				SDKROOT = iphoneos;
				VALIDATE_PRODUCT = YES;
			};
			name = Release;
		};
		04B84DF01AD1911F00E54159 /* Debug */ = {
			isa = XCBuildConfiguration;
			buildSettings = {
				ASSETCATALOG_COMPILER_APPICON_NAME = AppIcon;
				INFOPLIST_FILE = Animated/Info.plist;
				LD_RUNPATH_SEARCH_PATHS = "$(inherited) @executable_path/Frameworks";
				PRODUCT_NAME = "$(TARGET_NAME)";
			};
			name = Debug;
		};
		04B84DF11AD1911F00E54159 /* Release */ = {
			isa = XCBuildConfiguration;
			buildSettings = {
				ASSETCATALOG_COMPILER_APPICON_NAME = AppIcon;
				INFOPLIST_FILE = Animated/Info.plist;
				LD_RUNPATH_SEARCH_PATHS = "$(inherited) @executable_path/Frameworks";
				PRODUCT_NAME = "$(TARGET_NAME)";
			};
			name = Release;
		};
		04B84DF31AD1911F00E54159 /* Debug */ = {
			isa = XCBuildConfiguration;
			buildSettings = {
				BUNDLE_LOADER = "$(TEST_HOST)";
				FRAMEWORK_SEARCH_PATHS = (
					"$(SDKROOT)/Developer/Library/Frameworks",
					"$(inherited)",
				);
				GCC_PREPROCESSOR_DEFINITIONS = (
					"DEBUG=1",
					"$(inherited)",
				);
				INFOPLIST_FILE = AnimatedTests/Info.plist;
				LD_RUNPATH_SEARCH_PATHS = "$(inherited) @executable_path/Frameworks @loader_path/Frameworks";
				PRODUCT_NAME = "$(TARGET_NAME)";
				TEST_HOST = "$(BUILT_PRODUCTS_DIR)/Animated.app/Animated";
			};
			name = Debug;
		};
		04B84DF41AD1911F00E54159 /* Release */ = {
			isa = XCBuildConfiguration;
			buildSettings = {
				BUNDLE_LOADER = "$(TEST_HOST)";
				FRAMEWORK_SEARCH_PATHS = (
					"$(SDKROOT)/Developer/Library/Frameworks",
					"$(inherited)",
				);
				INFOPLIST_FILE = AnimatedTests/Info.plist;
				LD_RUNPATH_SEARCH_PATHS = "$(inherited) @executable_path/Frameworks @loader_path/Frameworks";
				PRODUCT_NAME = "$(TARGET_NAME)";
				TEST_HOST = "$(BUILT_PRODUCTS_DIR)/Animated.app/Animated";
			};
			name = Release;
		};
/* End XCBuildConfiguration section */

/* Begin XCConfigurationList section */
		04B84DC71AD1911F00E54159 /* Build configuration list for PBXProject "Animated" */ = {
			isa = XCConfigurationList;
			buildConfigurations = (
				04B84DED1AD1911F00E54159 /* Debug */,
				04B84DEE1AD1911F00E54159 /* Release */,
			);
			defaultConfigurationIsVisible = 0;
			defaultConfigurationName = Release;
		};
		04B84DEF1AD1911F00E54159 /* Build configuration list for PBXNativeTarget "Animated" */ = {
			isa = XCConfigurationList;
			buildConfigurations = (
				04B84DF01AD1911F00E54159 /* Debug */,
				04B84DF11AD1911F00E54159 /* Release */,
			);
			defaultConfigurationIsVisible = 0;
		};
		04B84DF21AD1911F00E54159 /* Build configuration list for PBXNativeTarget "AnimatedTests" */ = {
			isa = XCConfigurationList;
			buildConfigurations = (
				04B84DF31AD1911F00E54159 /* Debug */,
				04B84DF41AD1911F00E54159 /* Release */,
			);
			defaultConfigurationIsVisible = 0;
		};
/* End XCConfigurationList section */
	};
	rootObject = 04B84DC41AD1911F00E54159 /* Project object */;
}
